
Microsoft Visual Studio Solution File, Format Version 12.00
# Visual Studio Version 17
VisualStudioVersion = 17.14.36518.9
MinimumVisualStudioVersion = 10.0.40219.1
Project("{888888A0-9F3D-457C-B088-3A5042F75D52}") = "Jetlag_Map_Maker_V2.2", "Jetlag_Map_Maker_V2.2\Jetlag_Map_Maker_V2.2.pyproj", "{940243B1-6149-46A9-B61C-927CA76E539A}"
EndProject
Global
	GlobalSection(SolutionConfigurationPlatforms) = preSolution
		Debug|Any CPU = Debug|Any CPU
		Release|Any CPU = Release|Any CPU
	EndGlobalSection
	GlobalSection(ProjectConfigurationPlatforms) = postSolution
		{940243B1-6149-46A9-B61C-927CA76E539A}.Debug|Any CPU.ActiveCfg = Debug|Any CPU
		{940243B1-6149-46A9-B61C-927CA76E539A}.Release|Any CPU.ActiveCfg = Release|Any CPU
	EndGlobalSection
	GlobalSection(SolutionProperties) = preSolution
		HideSolutionNode = FALSE
	EndGlobalSection
	GlobalSection(ExtensibilityGlobals) = postSolution
		SolutionGuid = {AE900B77-5A8B-4787-B907-F45B2539F331}
	EndGlobalSection
EndGlobal
